PODS:
  - AFNetworking (3.0.1):
    - AFNetworking/NSURLSession (= 3.0.1)
    - AFNetworking/Reachability (= 3.0.1)
    - AFNetworking/Security (= 3.0.1)
    - AFNetworking/Serialization (= 3.0.1)
    - AFNetworking/UIKit (= 3.0.1)
  - AFNetworking/NSURLSession (3.0.1):
    - AFNetworking/Reachability
    - AFNetworking/Security
    - AFNetworking/Serialization
  - AFNetworking/Reachability (3.0.1)
  - AFNetworking/Security (3.0.1)
  - AFNetworking/Serialization (3.0.1)
  - AFNetworking/UIKit (3.0.1):
    - AFNetworking/NSURLSession
  - Nimble (3.0.0)
  - NSEnumeratorLinq (0.2.7)
  - OCMock (3.2)
  - Quick (0.8.0)

DEPENDENCIES:
  - AFNetworking
  - Nimble
  - NSEnumeratorLinq
  - OCMock
  - Quick

SPEC CHECKSUMS:
  AFNetworking: 20d8749e03e45f1e5c046ad0b647e0b07bcdd91f
  Nimble: 4c353d43735b38b545cbb4cb91504588eb5de926
  NSEnumeratorLinq: f11ae115e2bb869e5e3a55267fe852ad943aac63
  OCMock: 28def049ef47f996b515a8eeea958be7ccab2dbb
  Quick: 563d0f6ec5f72e394645adb377708639b7dd38ab

COCOAPODS: 0.39.0
